
Microsoft Visual Studio Solution File, Format Version 12.00
# Visual Studio Version 16
VisualStudioVersion = 16.0.31424.327
MinimumVisualStudioVersion = 10.0.40219.1
Project("{FAE04EC0-301F-11D3-BF4B-00C04F79EFBC}") = "UpdateChartRealTime", "UpdateChartRealTime\UpdateChartRealTime.csproj", "{386623BA-332C-40AB-B34D-B3D6D07DBB81}"
EndProject
Global
	GlobalSection(SolutionConfigurationPlatforms) = preSolution
		Debug|Any CPU = Debug|Any CPU
		Release|Any CPU = Release|Any CPU
	EndGlobalSection
	GlobalSection(ProjectConfigurationPlatforms) = postSolution
		{386623BA-332C-40AB-B34D-B3D6D07DBB81}.Debug|Any CPU.ActiveCfg = Debug|Any CPU
		{386623BA-332C-40AB-B34D-B3D6D07DBB81}.Debug|Any CPU.Build.0 = Debug|Any CPU
		{386623BA-332C-40AB-B34D-B3D6D07DBB81}.Release|Any CPU.ActiveCfg = Release|Any CPU
		{386623BA-332C-40AB-B34D-B3D6D07DBB81}.Release|Any CPU.Build.0 = Release|Any CPU
	EndGlobalSection
	GlobalSection(SolutionProperties) = preSolution
		HideSolutionNode = FALSE
	EndGlobalSection
	GlobalSection(ExtensibilityGlobals) = postSolution
		SolutionGuid = {3F10B747-4ECE-4DA1-AE22-73E9EFB2AF8B}
	EndGlobalSection
EndGlobal
